// !$*UTF8*$!
{
	archiveVersion = 1;
	classes = {
	};
	objectVersion = 46;
	objects = {

/* Begin PBXBuildFile section */
		071618BE1AEDBA9C004DE352 /* LayoutController.swift in Sources */ = {isa = PBXBuildFile; fileRef = 071618BD1AEDBA9C004DE352 /* LayoutController.swift */; };
		073AAA711AE3D260006A3C05 /* Reachability.swift in Sources */ = {isa = PBXBuildFile; fileRef = 073AAA701AE3D260006A3C05 /* Reachability.swift */; };
		073AAA731AE3D4AD006A3C05 /* IMDBViewController.swift in Sources */ = {isa = PBXBuildFile; fileRef = 073AAA721AE3D4AD006A3C05 /* IMDBViewController.swift */; };
		073AAA771AE3DEF4006A3C05 /* QuizViewController.swift in Sources */ = {isa = PBXBuildFile; fileRef = 073AAA761AE3DEF4006A3C05 /* QuizViewController.swift */; };
		0764257E1ADE8DFB006CF619 /* ColletionViewCell.swift in Sources */ = {isa = PBXBuildFile; fileRef = 0764257D1ADE8DFB006CF619 /* ColletionViewCell.swift */; };
		07658C181BAA2C09005BBEF3 /* libsqlite3.tbd in Frameworks */ = {isa = PBXBuildFile; fileRef = 07658C171BAA2C09005BBEF3 /* libsqlite3.tbd */; };
		07658C1A1BAA2C17005BBEF3 /* libz.tbd in Frameworks */ = {isa = PBXBuildFile; fileRef = 07658C191BAA2C17005BBEF3 /* libz.tbd */; };
		07660D961AB9A84700CC33AE /* AppDelegate.swift in Sources */ = {isa = PBXBuildFile; fileRef = 07660D951AB9A84700CC33AE /* AppDelegate.swift */; };
		07660D981AB9A84700CC33AE /* ViewController.swift in Sources */ = {isa = PBXBuildFile; fileRef = 07660D971AB9A84700CC33AE /* ViewController.swift */; };
		07660D9B1AB9A84700CC33AE /* Main.storyboard in Resources */ = {isa = PBXBuildFile; fileRef = 07660D991AB9A84700CC33AE /* Main.storyboard */; };
		07660D9D1AB9A84700CC33AE /* Images.xcassets in Resources */ = {isa = PBXBuildFile; fileRef = 07660D9C1AB9A84700CC33AE /* Images.xcassets */; };
		07660DA01AB9A84700CC33AE /* LaunchScreen.xib in Resources */ = {isa = PBXBuildFile; fileRef = 07660D9E1AB9A84700CC33AE /* LaunchScreen.xib */; };
		07660DAC1AB9A84700CC33AE /* WhoJewTests.swift in Sources */ = {isa = PBXBuildFile; fileRef = 07660DAB1AB9A84700CC33AE /* WhoJewTests.swift */; };
		07660DB61AB9A88000CC33AE /* AddressBook.framework in Frameworks */ = {isa = PBXBuildFile; fileRef = 07660DB51AB9A88000CC33AE /* AddressBook.framework */; };
		07660DBA1AB9A8B300CC33AE /* SystemConfiguration.framework in Frameworks */ = {isa = PBXBuildFile; fileRef = 07660DB91AB9A8B300CC33AE /* SystemConfiguration.framework */; };
		07660DBC1AB9A8BD00CC33AE /* StoreKit.framework in Frameworks */ = {isa = PBXBuildFile; fileRef = 07660DBB1AB9A8BD00CC33AE /* StoreKit.framework */; };
		07660DBE1AB9A8C700CC33AE /* Security.framework in Frameworks */ = {isa = PBXBuildFile; fileRef = 07660DBD1AB9A8C700CC33AE /* Security.framework */; };
		07660DC01AB9A8D300CC33AE /* QuartzCore.framework in Frameworks */ = {isa = PBXBuildFile; fileRef = 07660DBF1AB9A8D300CC33AE /* QuartzCore.framework */; };
		07660DC21AB9A8DE00CC33AE /* MobileCoreServices.framework in Frameworks */ = {isa = PBXBuildFile; fileRef = 07660DC11AB9A8DE00CC33AE /* MobileCoreServices.framework */; };
		07660DC61AB9A8FA00CC33AE /* CoreLocation.framework in Frameworks */ = {isa = PBXBuildFile; fileRef = 07660DC51AB9A8FA00CC33AE /* CoreLocation.framework */; };
		07660DC81AB9A90500CC33AE /* CoreGraphics.framework in Frameworks */ = {isa = PBXBuildFile; fileRef = 07660DC71AB9A90500CC33AE /* CoreGraphics.framework */; };
		07660DCA1AB9A90E00CC33AE /* CFNetwork.framework in Frameworks */ = {isa = PBXBuildFile; fileRef = 07660DC91AB9A90E00CC33AE /* CFNetwork.framework */; };
		07660DCC1AB9A91B00CC33AE /* AudioToolbox.framework in Frameworks */ = {isa = PBXBuildFile; fileRef = 07660DCB1AB9A91B00CC33AE /* AudioToolbox.framework */; };
		07770BB81AB9FDC000414FCB /* TableViewController.swift in Sources */ = {isa = PBXBuildFile; fileRef = 07770BB71AB9FDC000414FCB /* TableViewController.swift */; };
		078DCD42243E49B600DB1645 /* package.json in Resources */ = {isa = PBXBuildFile; fileRef = 078DCD41243E49B600DB1645 /* package.json */; };
		0794597B1B80A0F800EFEAF2 /* ViewControllerSingle.swift in Sources */ = {isa = PBXBuildFile; fileRef = 0794597A1B80A0F800EFEAF2 /* ViewControllerSingle.swift */; };
		07A9375F1CB5A6C0001D62CC /* Parse.framework in Frameworks */ = {isa = PBXBuildFile; fileRef = 07A9375E1CB5A6C0001D62CC /* Parse.framework */; settings = {ATTRIBUTES = (Required, ); }; };
		07A937611CB5A6CF001D62CC /* Bolts.framework in Frameworks */ = {isa = PBXBuildFile; fileRef = 07A937601CB5A6CF001D62CC /* Bolts.framework */; };
		07AA8D501AD5C78D00BB31A8 /* iAd.framework in Frameworks */ = {isa = PBXBuildFile; fileRef = 07AA8D4F1AD5C78D00BB31A8 /* iAd.framework */; };
		07B05B621ABBACA6009D5FB3 /* Icon-60@3x.png in Resources */ = {isa = PBXBuildFile; fileRef = 07B05B611ABBACA6009D5FB3 /* Icon-60@3x.png */; };
		07B05B641ABEDD72009D5FB3 /* AboutViewController.swift in Sources */ = {isa = PBXBuildFile; fileRef = 07B05B631ABEDD72009D5FB3 /* AboutViewController.swift */; };
		07B05B661ABEF6A1009D5FB3 /* whojew.png in Resources */ = {isa = PBXBuildFile; fileRef = 07B05B651ABEF6A1009D5FB3 /* whojew.png */; };
		07B05B681ABF03B7009D5FB3 /* Screenshots in Resources */ = {isa = PBXBuildFile; fileRef = 07B05B671ABF03B7009D5FB3 /* Screenshots */; };
		07B3BE991ABB463E00D61617 /* female-placeholder.png in Resources */ = {isa = PBXBuildFile; fileRef = 07B3BE981ABB463E00D61617 /* female-placeholder.png */; };
		07B3BE9B1ABB834100D61617 /* WkikViewController.swift in Sources */ = {isa = PBXBuildFile; fileRef = 07B3BE9A1ABB834100D61617 /* WkikViewController.swift */; };
		07B6AE651CDF7384007A42CE /* composer.json in Resources */ = {isa = PBXBuildFile; fileRef = 07B6AE641CDF7384007A42CE /* composer.json */; };
		07D754E41CE5607A00B7C0F6 /* Pushwoosh.framework in Frameworks */ = {isa = PBXBuildFile; fileRef = 07D754E31CE5607A00B7C0F6 /* Pushwoosh.framework */; };
		07D754E71CE5609B00B7C0F6 /* bridge.m in Sources */ = {isa = PBXBuildFile; fileRef = 07D754E61CE5609B00B7C0F6 /* bridge.m */; };
		07D754E91CE561C800B7C0F6 /* libc++.tbd in Frameworks */ = {isa = PBXBuildFile; fileRef = 07D754E81CE561C800B7C0F6 /* libc++.tbd */; };
/* End PBXBuildFile section */

/* Begin PBXContainerItemProxy section */
		07660DA61AB9A84700CC33AE /* PBXContainerItemProxy */ = {
			isa = PBXContainerItemProxy;
			containerPortal = 07660D881AB9A84700CC33AE /* Project object */;
			proxyType = 1;
			remoteGlobalIDString = 07660D8F1AB9A84700CC33AE;
			remoteInfo = WhoJew;
		};
/* End PBXContainerItemProxy section */

/* Begin PBXFileReference section */
		071618BD1AEDBA9C004DE352 /* LayoutController.swift */ = {isa = PBXFileReference; fileEncoding = 4; lastKnownFileType = sourcecode.swift; path = LayoutController.swift; sourceTree = "<group>"; };
		071E25941D92D87E001A6A03 /* WhoJew.entitlements */ = {isa = PBXFileReference; lastKnownFileType = text.plist.entitlements; path = WhoJew.entitlements; sourceTree = "<group>"; };
		073AAA701AE3D260006A3C05 /* Reachability.swift */ = {isa = PBXFileReference; fileEncoding = 4; lastKnownFileType = sourcecode.swift; name = Reachability.swift; path = ../Reachability.swift; sourceTree = "<group>"; };
		073AAA721AE3D4AD006A3C05 /* IMDBViewController.swift */ = {isa = PBXFileReference; fileEncoding = 4; lastKnownFileType = sourcecode.swift; path = IMDBViewController.swift; sourceTree = "<group>"; };
		073AAA761AE3DEF4006A3C05 /* QuizViewController.swift */ = {isa = PBXFileReference; fileEncoding = 4; lastKnownFileType = sourcecode.swift; path = QuizViewController.swift; sourceTree = "<group>"; };
		0764257D1ADE8DFB006CF619 /* ColletionViewCell.swift */ = {isa = PBXFileReference; fileEncoding = 4; lastKnownFileType = sourcecode.swift; path = ColletionViewCell.swift; sourceTree = "<group>"; };
		07658C171BAA2C09005BBEF3 /* libsqlite3.tbd */ = {isa = PBXFileReference; lastKnownFileType = "sourcecode.text-based-dylib-definition"; name = libsqlite3.tbd; path = usr/lib/libsqlite3.tbd; sourceTree = SDKROOT; };
		07658C191BAA2C17005BBEF3 /* libz.tbd */ = {isa = PBXFileReference; lastKnownFileType = "sourcecode.text-based-dylib-definition"; name = libz.tbd; path = usr/lib/libz.tbd; sourceTree = SDKROOT; };
		07660D901AB9A84700CC33AE /* WhoJew.app */ = {isa = PBXFileReference; explicitFileType = wrapper.application; includeInIndex = 0; path = WhoJew.app; sourceTree = BUILT_PRODUCTS_DIR; };
		07660D941AB9A84700CC33AE /* Info.plist */ = {isa = PBXFileReference; lastKnownFileType = text.plist.xml; path = Info.plist; sourceTree = "<group>"; };
		07660D951AB9A84700CC33AE /* AppDelegate.swift */ = {isa = PBXFileReference; lastKnownFileType = sourcecode.swift; path = AppDelegate.swift; sourceTree = "<group>"; };
		07660D971AB9A84700CC33AE /* ViewController.swift */ = {isa = PBXFileReference; lastKnownFileType = sourcecode.swift; path = ViewController.swift; sourceTree = "<group>"; };
		07660D9A1AB9A84700CC33AE /* Base */ = {isa = PBXFileReference; lastKnownFileType = file.storyboard; name = Base; path = Base.lproj/Main.storyboard; sourceTree = "<group>"; };
		07660D9C1AB9A84700CC33AE /* Images.xcassets */ = {isa = PBXFileReference; lastKnownFileType = folder.assetcatalog; path = Images.xcassets; sourceTree = "<group>"; };
		07660D9F1AB9A84700CC33AE /* Base */ = {isa = PBXFileReference; lastKnownFileType = file.xib; name = Base; path = Base.lproj/LaunchScreen.xib; sourceTree = "<group>"; };
		07660DA51AB9A84700CC33AE /* WhoJewTests.xctest */ = {isa = PBXFileReference; explicitFileType = wrapper.cfbundle; includeInIndex = 0; path = WhoJewTests.xctest; sourceTree = BUILT_PRODUCTS_DIR; };
		07660DAA1AB9A84700CC33AE /* Info.plist */ = {isa = PBXFileReference; lastKnownFileType = text.plist.xml; path = Info.plist; sourceTree = "<group>"; };
		07660DAB1AB9A84700CC33AE /* WhoJewTests.swift */ = {isa = PBXFileReference; lastKnownFileType = sourcecode.swift; path = WhoJewTests.swift; sourceTree = "<group>"; };
		07660DB51AB9A88000CC33AE /* AddressBook.framework */ = {isa = PBXFileReference; lastKnownFileType = wrapper.framework; name = AddressBook.framework; path = System/Library/Frameworks/AddressBook.framework; sourceTree = SDKROOT; };
		07660DB91AB9A8B300CC33AE /* SystemConfiguration.framework */ = {isa = PBXFileReference; lastKnownFileType = wrapper.framework; name = SystemConfiguration.framework; path = System/Library/Frameworks/SystemConfiguration.framework; sourceTree = SDKROOT; };
		07660DBB1AB9A8BD00CC33AE /* StoreKit.framework */ = {isa = PBXFileReference; lastKnownFileType = wrapper.framework; name = StoreKit.framework; path = System/Library/Frameworks/StoreKit.framework; sourceTree = SDKROOT; };
		07660DBD1AB9A8C700CC33AE /* Security.framework */ = {isa = PBXFileReference; lastKnownFileType = wrapper.framework; name = Security.framework; path = System/Library/Frameworks/Security.framework; sourceTree = SDKROOT; };
		07660DBF1AB9A8D300CC33AE /* QuartzCore.framework */ = {isa = PBXFileReference; lastKnownFileType = wrapper.framework; name = QuartzCore.framework; path = System/Library/Frameworks/QuartzCore.framework; sourceTree = SDKROOT; };
		07660DC11AB9A8DE00CC33AE /* MobileCoreServices.framework */ = {isa = PBXFileReference; lastKnownFileType = wrapper.framework; name = MobileCoreServices.framework; path = System/Library/Frameworks/MobileCoreServices.framework; sourceTree = SDKROOT; };
		07660DC51AB9A8FA00CC33AE /* CoreLocation.framework */ = {isa = PBXFileReference; lastKnownFileType = wrapper.framework; name = CoreLocation.framework; path = System/Library/Frameworks/CoreLocation.framework; sourceTree = SDKROOT; };
		07660DC71AB9A90500CC33AE /* CoreGraphics.framework */ = {isa = PBXFileReference; lastKnownFileType = wrapper.framework; name = CoreGraphics.framework; path = System/Library/Frameworks/CoreGraphics.framework; sourceTree = SDKROOT; };
		07660DC91AB9A90E00CC33AE /* CFNetwork.framework */ = {isa = PBXFileReference; lastKnownFileType = wrapper.framework; name = CFNetwork.framework; path = System/Library/Frameworks/CFNetwork.framework; sourceTree = SDKROOT; };
		07660DCB1AB9A91B00CC33AE /* AudioToolbox.framework */ = {isa = PBXFileReference; lastKnownFileType = wrapper.framework; name = AudioToolbox.framework; path = System/Library/Frameworks/AudioToolbox.framework; sourceTree = SDKROOT; };
		07770BB71AB9FDC000414FCB /* TableViewController.swift */ = {isa = PBXFileReference; fileEncoding = 4; lastKnownFileType = sourcecode.swift; path = TableViewController.swift; sourceTree = "<group>"; };
		078DCD41243E49B600DB1645 /* package.json */ = {isa = PBXFileReference; fileEncoding = 4; lastKnownFileType = text.json; name = package.json; path = "../../../../../Users/Eric/Desktop/node-v12.16.1-darwin-x64/lib/node_modules/npm/package.json"; sourceTree = "<group>"; };
		0794597A1B80A0F800EFEAF2 /* ViewControllerSingle.swift */ = {isa = PBXFileReference; fileEncoding = 4; lastKnownFileType = sourcecode.swift; path = ViewControllerSingle.swift; sourceTree = "<group>"; };
		07A9375E1CB5A6C0001D62CC /* Parse.framework */ = {isa = PBXFileReference; lastKnownFileType = wrapper.framework; path = Parse.framework; sourceTree = "<group>"; };
		07A937601CB5A6CF001D62CC /* Bolts.framework */ = {isa = PBXFileReference; lastKnownFileType = wrapper.framework; path = Bolts.framework; sourceTree = "<group>"; };
		07AA8D4F1AD5C78D00BB31A8 /* iAd.framework */ = {isa = PBXFileReference; lastKnownFileType = wrapper.framework; name = iAd.framework; path = System/Library/Frameworks/iAd.framework; sourceTree = SDKROOT; };
		07B05B611ABBACA6009D5FB3 /* Icon-60@3x.png */ = {isa = PBXFileReference; lastKnownFileType = image.png; path = "Icon-60@3x.png"; sourceTree = "<group>"; };
		07B05B631ABEDD72009D5FB3 /* AboutViewController.swift */ = {isa = PBXFileReference; fileEncoding = 4; lastKnownFileType = sourcecode.swift; path = AboutViewController.swift; sourceTree = "<group>"; };
		07B05B651ABEF6A1009D5FB3 /* whojew.png */ = {isa = PBXFileReference; lastKnownFileType = image.png; path = whojew.png; sourceTree = "<group>"; };
		07B05B671ABF03B7009D5FB3 /* Screenshots */ = {isa = PBXFileReference; lastKnownFileType = folder; path = Screenshots; sourceTree = "<group>"; };
		07B3BE981ABB463E00D61617 /* female-placeholder.png */ = {isa = PBXFileReference; lastKnownFileType = image.png; path = "female-placeholder.png"; sourceTree = "<group>"; };
		07B3BE9A1ABB834100D61617 /* WkikViewController.swift */ = {isa = PBXFileReference; fileEncoding = 4; lastKnownFileType = sourcecode.swift; path = WkikViewController.swift; sourceTree = "<group>"; };
		07B6AE641CDF7384007A42CE /* composer.json */ = {isa = PBXFileReference; fileEncoding = 4; lastKnownFileType = text.json; path = composer.json; sourceTree = "<group>"; };
		07D754E31CE5607A00B7C0F6 /* Pushwoosh.framework */ = {isa = PBXFileReference; lastKnownFileType = wrapper.framework; path = Pushwoosh.framework; sourceTree = "<group>"; };
		07D754E51CE5609A00B7C0F6 /* WhoJew-Bridging-Header.h */ = {isa = PBXFileReference; lastKnownFileType = sourcecode.c.h; path = "WhoJew-Bridging-Header.h"; sourceTree = "<group>"; };
		07D754E61CE5609B00B7C0F6 /* bridge.m */ = {isa = PBXFileReference; fileEncoding = 4; lastKnownFileType = sourcecode.c.objc; path = bridge.m; sourceTree = "<group>"; };
		07D754E81CE561C800B7C0F6 /* libc++.tbd */ = {isa = PBXFileReference; lastKnownFileType = "sourcecode.text-based-dylib-definition"; name = "libc++.tbd"; path = "usr/lib/libc++.tbd"; sourceTree = SDKROOT; };
/* End PBXFileReference section */

/* Begin PBXFrameworksBuildPhase section */
		07660D8D1AB9A84700CC33AE /* Frameworks */ = {
			isa = PBXFrameworksBuildPhase;
			buildActionMask = 2147483647;
			files = (
				07D754E91CE561C800B7C0F6 /* libc++.tbd in Frameworks */,
				07A937611CB5A6CF001D62CC /* Bolts.framework in Frameworks */,
				07658C1A1BAA2C17005BBEF3 /* libz.tbd in Frameworks */,
				07658C181BAA2C09005BBEF3 /* libsqlite3.tbd in Frameworks */,
				07AA8D501AD5C78D00BB31A8 /* iAd.framework in Frameworks */,
				07660DCC1AB9A91B00CC33AE /* AudioToolbox.framework in Frameworks */,
				07660DCA1AB9A90E00CC33AE /* CFNetwork.framework in Frameworks */,
				07660DC81AB9A90500CC33AE /* CoreGraphics.framework in Frameworks */,
				07660DC61AB9A8FA00CC33AE /* CoreLocation.framework in Frameworks */,
				07660DC21AB9A8DE00CC33AE /* MobileCoreServices.framework in Frameworks */,
				07660DC01AB9A8D300CC33AE /* QuartzCore.framework in Frameworks */,
				07660DBE1AB9A8C700CC33AE /* Security.framework in Frameworks */,
				07A9375F1CB5A6C0001D62CC /* Parse.framework in Frameworks */,
				07660DBC1AB9A8BD00CC33AE /* StoreKit.framework in Frameworks */,
				07660DBA1AB9A8B300CC33AE /* SystemConfiguration.framework in Frameworks */,
				07660DB61AB9A88000CC33AE /* AddressBook.framework in Frameworks */,
				07D754E41CE5607A00B7C0F6 /* Pushwoosh.framework in Frameworks */,
			);
			runOnlyForDeploymentPostprocessing = 0;
		};
		07660DA21AB9A84700CC33AE /* Frameworks */ = {
			isa = PBXFrameworksBuildPhase;
			buildActionMask = 2147483647;
			files = (
			);
			runOnlyForDeploymentPostprocessing = 0;
		};
/* End PBXFrameworksBuildPhase section */

/* Begin PBXGroup section */
		07660D871AB9A84700CC33AE = {
			isa = PBXGroup;
			children = (
				07D754E81CE561C800B7C0F6 /* libc++.tbd */,
				07658C191BAA2C17005BBEF3 /* libz.tbd */,
				07658C171BAA2C09005BBEF3 /* libsqlite3.tbd */,
				07D754E31CE5607A00B7C0F6 /* Pushwoosh.framework */,
				07A9375E1CB5A6C0001D62CC /* Parse.framework */,
				07A937601CB5A6CF001D62CC /* Bolts.framework */,
				07AA8D4F1AD5C78D00BB31A8 /* iAd.framework */,
				07660DCB1AB9A91B00CC33AE /* AudioToolbox.framework */,
				07660DC91AB9A90E00CC33AE /* CFNetwork.framework */,
				07660DC71AB9A90500CC33AE /* CoreGraphics.framework */,
				07660DC51AB9A8FA00CC33AE /* CoreLocation.framework */,
				07660DC11AB9A8DE00CC33AE /* MobileCoreServices.framework */,
				07660DBF1AB9A8D300CC33AE /* QuartzCore.framework */,
				07660DBD1AB9A8C700CC33AE /* Security.framework */,
				07660DBB1AB9A8BD00CC33AE /* StoreKit.framework */,
				07660DB91AB9A8B300CC33AE /* SystemConfiguration.framework */,
				07660DB51AB9A88000CC33AE /* AddressBook.framework */,
				07660D921AB9A84700CC33AE /* WhoJew */,
				07660DA81AB9A84700CC33AE /* WhoJewTests */,
				07660D911AB9A84700CC33AE /* Products */,
			);
			sourceTree = "<group>";
		};
		07660D911AB9A84700CC33AE /* Products */ = {
			isa = PBXGroup;
			children = (
				07660D901AB9A84700CC33AE /* WhoJew.app */,
				07660DA51AB9A84700CC33AE /* WhoJewTests.xctest */,
			);
			name = Products;
			sourceTree = "<group>";
		};
		07660D921AB9A84700CC33AE /* WhoJew */ = {
			isa = PBXGroup;
			children = (
				078DCD41243E49B600DB1645 /* package.json */,
				071E25941D92D87E001A6A03 /* WhoJew.entitlements */,
				07660D951AB9A84700CC33AE /* AppDelegate.swift */,
				07D754E61CE5609B00B7C0F6 /* bridge.m */,
				07B05B671ABF03B7009D5FB3 /* Screenshots */,
				07B05B651ABEF6A1009D5FB3 /* whojew.png */,
				07B6AE641CDF7384007A42CE /* composer.json */,
				07B3BE981ABB463E00D61617 /* female-placeholder.png */,
				07B05B611ABBACA6009D5FB3 /* Icon-60@3x.png */,
				073AAA701AE3D260006A3C05 /* Reachability.swift */,
				07660D971AB9A84700CC33AE /* ViewController.swift */,
				073AAA761AE3DEF4006A3C05 /* QuizViewController.swift */,
				07660D991AB9A84700CC33AE /* Main.storyboard */,
				0764257D1ADE8DFB006CF619 /* ColletionViewCell.swift */,
				0794597A1B80A0F800EFEAF2 /* ViewControllerSingle.swift */,
				071618BD1AEDBA9C004DE352 /* LayoutController.swift */,
				07B05B631ABEDD72009D5FB3 /* AboutViewController.swift */,
				07B3BE9A1ABB834100D61617 /* WkikViewController.swift */,
				073AAA721AE3D4AD006A3C05 /* IMDBViewController.swift */,
				07770BB71AB9FDC000414FCB /* TableViewController.swift */,
				07660D9C1AB9A84700CC33AE /* Images.xcassets */,
				07660D9E1AB9A84700CC33AE /* LaunchScreen.xib */,
				07660D931AB9A84700CC33AE /* Supporting Files */,
				07D754E51CE5609A00B7C0F6 /* WhoJew-Bridging-Header.h */,
			);
			path = WhoJew;
			sourceTree = "<group>";
		};
		07660D931AB9A84700CC33AE /* Supporting Files */ = {
			isa = PBXGroup;
			children = (
				07660D941AB9A84700CC33AE /* Info.plist */,
			);
			name = "Supporting Files";
			sourceTree = "<group>";
		};
		07660DA81AB9A84700CC33AE /* WhoJewTests */ = {
			isa = PBXGroup;
			children = (
				07660DAB1AB9A84700CC33AE /* WhoJewTests.swift */,
				07660DA91AB9A84700CC33AE /* Supporting Files */,
			);
			path = WhoJewTests;
			sourceTree = "<group>";
		};
		07660DA91AB9A84700CC33AE /* Supporting Files */ = {
			isa = PBXGroup;
			children = (
				07660DAA1AB9A84700CC33AE /* Info.plist */,
			);
			name = "Supporting Files";
			sourceTree = "<group>";
		};
/* End PBXGroup section */

/* Begin PBXNativeTarget section */
		07660D8F1AB9A84700CC33AE /* WhoJew */ = {
			isa = PBXNativeTarget;
			buildConfigurationList = 07660DAF1AB9A84700CC33AE /* Build configuration list for PBXNativeTarget "WhoJew" */;
			buildPhases = (
				07660D8C1AB9A84700CC33AE /* Sources */,
				07660D8D1AB9A84700CC33AE /* Frameworks */,
				07660D8E1AB9A84700CC33AE /* Resources */,
			);
			buildRules = (
			);
			dependencies = (
			);
			name = WhoJew;
			productName = WhoJew;
			productReference = 07660D901AB9A84700CC33AE /* WhoJew.app */;
			productType = "com.apple.product-type.application";
		};
		07660DA41AB9A84700CC33AE /* WhoJewTests */ = {
			isa = PBXNativeTarget;
			buildConfigurationList = 07660DB21AB9A84700CC33AE /* Build configuration list for PBXNativeTarget "WhoJewTests" */;
			buildPhases = (
				07660DA11AB9A84700CC33AE /* Sources */,
				07660DA21AB9A84700CC33AE /* Frameworks */,
				07660DA31AB9A84700CC33AE /* Resources */,
			);
			buildRules = (
			);
			dependencies = (
				07660DA71AB9A84700CC33AE /* PBXTargetDependency */,
			);
			name = WhoJewTests;
			productName = WhoJewTests;
			productReference = 07660DA51AB9A84700CC33AE /* WhoJewTests.xctest */;
			productType = "com.apple.product-type.bundle.unit-test";
		};
/* End PBXNativeTarget section */

/* Begin PBXProject section */
		07660D881AB9A84700CC33AE /* Project object */ = {
			isa = PBXProject;
			attributes = {
				LastSwiftMigration = 0700;
				LastSwiftUpdateCheck = 0730;
				LastUpgradeCheck = 1000;
				ORGANIZATIONNAME = "Better Search, LLC";
				TargetAttributes = {
					07660D8F1AB9A84700CC33AE = {
						CreatedOnToolsVersion = 6.1.1;
						DevelopmentTeam = 24Q366W5BQ;
						LastSwiftMigration = 1000;
						SystemCapabilities = {
							com.apple.Push = {
								enabled = 1;
							};
						};
					};
					07660DA41AB9A84700CC33AE = {
						CreatedOnToolsVersion = 6.1.1;
						LastSwiftMigration = 1000;
						TestTargetID = 07660D8F1AB9A84700CC33AE;
					};
				};
			};
			buildConfigurationList = 07660D8B1AB9A84700CC33AE /* Build configuration list for PBXProject "WhoJew" */;
			compatibilityVersion = "Xcode 3.2";
			developmentRegion = English;
			hasScannedForEncodings = 0;
			knownRegions = (
				English,
				en,
				Base,
			);
			mainGroup = 07660D871AB9A84700CC33AE;
			productRefGroup = 07660D911AB9A84700CC33AE /* Products */;
			projectDirPath = "";
			projectRoot = "";
			targets = (
				07660D8F1AB9A84700CC33AE /* WhoJew */,
				07660DA41AB9A84700CC33AE /* WhoJewTests */,
			);
		};
/* End PBXProject section */

/* Begin PBXResourcesBuildPhase section */
		07660D8E1AB9A84700CC33AE /* Resources */ = {
			isa = PBXResourcesBuildPhase;
			buildActionMask = 2147483647;
			files = (
				07660D9B1AB9A84700CC33AE /* Main.storyboard in Resources */,
				07B05B661ABEF6A1009D5FB3 /* whojew.png in Resources */,
				078DCD42243E49B600DB1645 /* package.json in Resources */,
				07B3BE991ABB463E00D61617 /* female-placeholder.png in Resources */,
				07660DA01AB9A84700CC33AE /* LaunchScreen.xib in Resources */,
				07B05B621ABBACA6009D5FB3 /* Icon-60@3x.png in Resources */,
				07B6AE651CDF7384007A42CE /* composer.json in Resources */,
				07B05B681ABF03B7009D5FB3 /* Screenshots in Resources */,
				07660D9D1AB9A84700CC33AE /* Images.xcassets in Resources */,
			);
			runOnlyForDeploymentPostprocessing = 0;
		};
		07660DA31AB9A84700CC33AE /* Resources */ = {
			isa = PBXResourcesBuildPhase;
			buildActionMask = 2147483647;
			files = (
			);
			runOnlyForDeploymentPostprocessing = 0;
		};
/* End PBXResourcesBuildPhase section */

/* Begin PBXSourcesBuildPhase section */
		07660D8C1AB9A84700CC33AE /* Sources */ = {
			isa = PBXSourcesBuildPhase;
			buildActionMask = 2147483647;
			files = (
				07D754E71CE5609B00B7C0F6 /* bridge.m in Sources */,
				07B05B641ABEDD72009D5FB3 /* AboutViewController.swift in Sources */,
				07660D981AB9A84700CC33AE /* ViewController.swift in Sources */,
				071618BE1AEDBA9C004DE352 /* LayoutController.swift in Sources */,
				07770BB81AB9FDC000414FCB /* TableViewController.swift in Sources */,
				073AAA771AE3DEF4006A3C05 /* QuizViewController.swift in Sources */,
				07B3BE9B1ABB834100D61617 /* WkikViewController.swift in Sources */,
				073AAA711AE3D260006A3C05 /* Reachability.swift in Sources */,
				0764257E1ADE8DFB006CF619 /* ColletionViewCell.swift in Sources */,
				073AAA731AE3D4AD006A3C05 /* IMDBViewController.swift in Sources */,
				0794597B1B80A0F800EFEAF2 /* ViewControllerSingle.swift in Sources */,
				07660D961AB9A84700CC33AE /* AppDelegate.swift in Sources */,
			);
			runOnlyForDeploymentPostprocessing = 0;
		};
		07660DA11AB9A84700CC33AE /* Sources */ = {
			isa = PBXSourcesBuildPhase;
			buildActionMask = 2147483647;
			files = (
				07660DAC1AB9A84700CC33AE /* WhoJewTests.swift in Sources */,
			);
			runOnlyForDeploymentPostprocessing = 0;
		};
/* End PBXSourcesBuildPhase section */

/* Begin PBXTargetDependency section */
		07660DA71AB9A84700CC33AE /* PBXTargetDependency */ = {
			isa = PBXTargetDependency;
			target = 07660D8F1AB9A84700CC33AE /* WhoJew */;
			targetProxy = 07660DA61AB9A84700CC33AE /* PBXContainerItemProxy */;
		};
/* End PBXTargetDependency section */

/* Begin PBXVariantGroup section */
		07660D991AB9A84700CC33AE /* Main.storyboard */ = {
			isa = PBXVariantGroup;
			children = (
				07660D9A1AB9A84700CC33AE /* Base */,
			);
			name = Main.storyboard;
			sourceTree = "<group>";
		};
		07660D9E1AB9A84700CC33AE /* LaunchScreen.xib */ = {
			isa = PBXVariantGroup;
			children = (
				07660D9F1AB9A84700CC33AE /* Base */,
			);
			name = LaunchScreen.xib;
			sourceTree = "<group>";
		};
/* End PBXVariantGroup section */

/* Begin XCBuildConfiguration section */
		07660DAD1AB9A84700CC33AE /* Debug */ = {
			isa = XCBuildConfiguration;
			buildSettings = {
				ALWAYS_SEARCH_USER_PATHS = NO;
				CLANG_CXX_LANGUAGE_STANDARD = "gnu++0x";
				CLANG_CXX_LIBRARY = "libc++";
				CLANG_ENABLE_MODULES = YES;
				CLANG_ENABLE_OBJC_ARC = YES;
				CLANG_WARN_BLOCK_CAPTURE_AUTORELEASING = YES;
				CLANG_WARN_BOOL_CONVERSION = YES;
				CLANG_WARN_COMMA = YES;
				CLANG_WARN_CONSTANT_CONVERSION = YES;
				CLANG_WARN_DEPRECATED_OBJC_IMPLEMENTATIONS = YES;
				CLANG_WARN_DIRECT_OBJC_ISA_USAGE = YES_ERROR;
				CLANG_WARN_EMPTY_BODY = YES;
				CLANG_WARN_ENUM_CONVERSION = YES;
				CLANG_WARN_INFINITE_RECURSION = YES;
				CLANG_WARN_INT_CONVERSION = YES;
				CLANG_WARN_NON_LITERAL_NULL_CONVERSION = YES;
				CLANG_WARN_OBJC_IMPLICIT_RETAIN_SELF = YES;
				CLANG_WARN_OBJC_LITERAL_CONVERSION = YES;
				CLANG_WARN_OBJC_ROOT_CLASS = YES_ERROR;
				CLANG_WARN_RANGE_LOOP_ANALYSIS = YES;
				CLANG_WARN_STRICT_PROTOTYPES = YES;
				CLANG_WARN_SUSPICIOUS_MOVE = YES;
				CLANG_WARN_UNREACHABLE_CODE = YES;
				CLANG_WARN__DUPLICATE_METHOD_MATCH = YES;
				"CODE_SIGN_IDENTITY[sdk=iphoneos*]" = "iPhone Developer";
				COPY_PHASE_STRIP = NO;
				ENABLE_BITCODE = NO;
				ENABLE_STRICT_OBJC_MSGSEND = YES;
				ENABLE_TESTABILITY = YES;
				GCC_C_LANGUAGE_STANDARD = gnu99;
				GCC_DYNAMIC_NO_PIC = NO;
				GCC_NO_COMMON_BLOCKS = YES;
				GCC_OPTIMIZATION_LEVEL = 0;
				GCC_PREPROCESSOR_DEFINITIONS = (
					"DEBUG=1",
					"$(inherited)",
				);
				GCC_SYMBOLS_PRIVATE_EXTERN = NO;
				GCC_WARN_64_TO_32_BIT_CONVERSION = YES;
				GCC_WARN_ABOUT_RETURN_TYPE = YES_ERROR;
				GCC_WARN_UNDECLARED_SELECTOR = YES;
				GCC_WARN_UNINITIALIZED_AUTOS = YES_AGGRESSIVE;
				GCC_WARN_UNUSED_FUNCTION = YES;
				GCC_WARN_UNUSED_VARIABLE = YES;
				IPHONEOS_DEPLOYMENT_TARGET = 8.1;
				MTL_ENABLE_DEBUG_INFO = YES;
				ONLY_ACTIVE_ARCH = YES;
				SDKROOT = iphoneos;
				SWIFT_OPTIMIZATION_LEVEL = "-Onone";
				TARGETED_DEVICE_FAMILY = "1,2";
			};
			name = Debug;
		};
		07660DAE1AB9A84700CC33AE /* Release */ = {
			isa = XCBuildConfiguration;
			buildSettings = {
				ALWAYS_SEARCH_USER_PATHS = NO;
				CLANG_CXX_LANGUAGE_STANDARD = "gnu++0x";
				CLANG_CXX_LIBRARY = "libc++";
				CLANG_ENABLE_MODULES = YES;
				CLANG_ENABLE_OBJC_ARC = YES;
				CLANG_WARN_BLOCK_CAPTURE_AUTORELEASING = YES;
				CLANG_WARN_BOOL_CONVERSION = YES;
				CLANG_WARN_COMMA = YES;
				CLANG_WARN_CONSTANT_CONVERSION = YES;
				CLANG_WARN_DEPRECATED_OBJC_IMPLEMENTATIONS = YES;
				CLANG_WARN_DIRECT_OBJC_ISA_USAGE = YES_ERROR;
				CLANG_WARN_EMPTY_BODY = YES;
				CLANG_WARN_ENUM_CONVERSION = YES;
				CLANG_WARN_INFINITE_RECURSION = YES;
				CLANG_WARN_INT_CONVERSION = YES;
				CLANG_WARN_NON_LITERAL_NULL_CONVERSION = YES;
				CLANG_WARN_OBJC_IMPLICIT_RETAIN_SELF = YES;
				CLANG_WARN_OBJC_LITERAL_CONVERSION = YES;
				CLANG_WARN_OBJC_ROOT_CLASS = YES_ERROR;
				CLANG_WARN_RANGE_LOOP_ANALYSIS = YES;
				CLANG_WARN_STRICT_PROTOTYPES = YES;
				CLANG_WARN_SUSPICIOUS_MOVE = YES;
				CLANG_WARN_UNREACHABLE_CODE = YES;
				CLANG_WARN__DUPLICATE_METHOD_MATCH = YES;
				"CODE_SIGN_IDENTITY[sdk=iphoneos*]" = "iPhone Developer";
				COPY_PHASE_STRIP = YES;
				ENABLE_BITCODE = NO;
				ENABLE_NS_ASSERTIONS = NO;
				ENABLE_STRICT_OBJC_MSGSEND = YES;
				GCC_C_LANGUAGE_STANDARD = gnu99;
				GCC_NO_COMMON_BLOCKS = YES;
				GCC_WARN_64_TO_32_BIT_CONVERSION = YES;
				GCC_WARN_ABOUT_RETURN_TYPE = YES_ERROR;
				GCC_WARN_UNDECLARED_SELECTOR = YES;
				GCC_WARN_UNINITIALIZED_AUTOS = YES_AGGRESSIVE;
				GCC_WARN_UNUSED_FUNCTION = YES;
				GCC_WARN_UNUSED_VARIABLE = YES;
				IPHONEOS_DEPLOYMENT_TARGET = 8.1;
				MTL_ENABLE_DEBUG_INFO = NO;
				SDKROOT = iphoneos;
				SWIFT_OPTIMIZATION_LEVEL = "-Owholemodule";
				TARGETED_DEVICE_FAMILY = "1,2";
				VALIDATE_PRODUCT = YES;
			};
			name = Release;
		};
		07660DB01AB9A84700CC33AE /* Debug */ = {
			isa = XCBuildConfiguration;
			buildSettings = {
				ASSETCATALOG_COMPILER_APPICON_NAME = AppIcon;
				CLANG_ENABLE_MODULES = YES;
				CODE_SIGN_ENTITLEMENTS = WhoJew/WhoJew.entitlements;
				CODE_SIGN_IDENTITY = "iPhone Developer";
				"CODE_SIGN_IDENTITY[sdk=iphoneos*]" = "iPhone Developer";
				ENABLE_BITCODE = NO;
				FRAMEWORK_SEARCH_PATHS = (
					"$(inherited)",
					"$(PROJECT_DIR)/WhoJew",
					"$(PROJECT_DIR)",
				);
				INFOPLIST_FILE = WhoJew/Info.plist;
				LD_RUNPATH_SEARCH_PATHS = "$(inherited) @executable_path/Frameworks";
				PRODUCT_BUNDLE_IDENTIFIER = com.bettersearchllc.whojew;
				PRODUCT_NAME = "$(TARGET_NAME)";
				PROVISIONING_PROFILE = "";
				SWIFT_OBJC_BRIDGING_HEADER = "WhoJew/WhoJew-Bridging-Header.h";
				SWIFT_OPTIMIZATION_LEVEL = "-Onone";
				SWIFT_SWIFT3_OBJC_INFERENCE = Default;
				SWIFT_VERSION = 4.2;
			};
			name = Debug;
		};
		07660DB11AB9A84700CC33AE /* Release */ = {
			isa = XCBuildConfiguration;
			buildSettings = {
				ASSETCATALOG_COMPILER_APPICON_NAME = AppIcon;
				CLANG_ENABLE_MODULES = YES;
				CODE_SIGN_ENTITLEMENTS = WhoJew/WhoJew.entitlements;
				CODE_SIGN_IDENTITY = "iPhone Developer";
				"CODE_SIGN_IDENTITY[sdk=iphoneos*]" = "iPhone Developer";
				ENABLE_BITCODE = NO;
				FRAMEWORK_SEARCH_PATHS = (
					"$(inherited)",
					"$(PROJECT_DIR)/WhoJew",
					"$(PROJECT_DIR)",
				);
				INFOPLIST_FILE = WhoJew/Info.plist;
				LD_RUNPATH_SEARCH_PATHS = "$(inherited) @executable_path/Frameworks";
				PRODUCT_BUNDLE_IDENTIFIER = com.bettersearchllc.whojew;
				PRODUCT_NAME = "$(TARGET_NAME)";
				PROVISIONING_PROFILE = "";
				SWIFT_OBJC_BRIDGING_HEADER = "WhoJew/WhoJew-Bridging-Header.h";
				SWIFT_SWIFT3_OBJC_INFERENCE = Default;
				SWIFT_VERSION = 4.2;
			};
			name = Release;
		};
		07660DB31AB9A84700CC33AE /* Debug */ = {
			isa = XCBuildConfiguration;
			buildSettings = {
				BUNDLE_LOADER = "$(TEST_HOST)";
				FRAMEWORK_SEARCH_PATHS = (
					"$(SDKROOT)/Developer/Library/Frameworks",
					"$(inherited)",
				);
				GCC_PREPROCESSOR_DEFINITIONS = (
					"DEBUG=1",
					"$(inherited)",
				);
				INFOPLIST_FILE = WhoJewTests/Info.plist;
				LD_RUNPATH_SEARCH_PATHS = "$(inherited) @executable_path/Frameworks @loader_path/Frameworks";
				PRODUCT_BUNDLE_IDENTIFIER = "com.bettersearchllc..$(PRODUCT_NAME:rfc1034identifier)";
				PRODUCT_NAME = "$(TARGET_NAME)";
				SWIFT_SWIFT3_OBJC_INFERENCE = Default;
				SWIFT_VERSION = 4.2;
				TEST_HOST = "$(BUILT_PRODUCTS_DIR)/WhoJew.app/WhoJew";
			};
			name = Debug;
		};
		07660DB41AB9A84700CC33AE /* Release */ = {
			isa = XCBuildConfiguration;
			buildSettings = {
				BUNDLE_LOADER = "$(TEST_HOST)";
				FRAMEWORK_SEARCH_PATHS = (
					"$(SDKROOT)/Developer/Library/Frameworks",
					"$(inherited)",
				);
				INFOPLIST_FILE = WhoJewTests/Info.plist;
				LD_RUNPATH_SEARCH_PATHS = "$(inherited) @executable_path/Frameworks @loader_path/Frameworks";
				PRODUCT_BUNDLE_IDENTIFIER = "com.bettersearchllc..$(PRODUCT_NAME:rfc1034identifier)";
				PRODUCT_NAME = "$(TARGET_NAME)";
				SWIFT_SWIFT3_OBJC_INFERENCE = Default;
				SWIFT_VERSION = 4.2;
				TEST_HOST = "$(BUILT_PRODUCTS_DIR)/WhoJew.app/WhoJew";
			};
			name = Release;
		};
/* End XCBuildConfiguration section */

/* Begin XCConfigurationList section */
		07660D8B1AB9A84700CC33AE /* Build configuration list for PBXProject "WhoJew" */ = {
			isa = XCConfigurationList;
			buildConfigurations = (
				07660DAD1AB9A84700CC33AE /* Debug */,
				07660DAE1AB9A84700CC33AE /* Release */,
			);
			defaultConfigurationIsVisible = 0;
			defaultConfigurationName = Release;
		};
		07660DAF1AB9A84700CC33AE /* Build configuration list for PBXNativeTarget "WhoJew" */ = {
			isa = XCConfigurationList;
			buildConfigurations = (
				07660DB01AB9A84700CC33AE /* Debug */,
				07660DB11AB9A84700CC33AE /* Release */,
			);
			defaultConfigurationIsVisible = 0;
			defaultConfigurationName = Release;
		};
		07660DB21AB9A84700CC33AE /* Build configuration list for PBXNativeTarget "WhoJewTests" */ = {
			isa = XCConfigurationList;
			buildConfigurations = (
				07660DB31AB9A84700CC33AE /* Debug */,
				07660DB41AB9A84700CC33AE /* Release */,
			);
			defaultConfigurationIsVisible = 0;
			defaultConfigurationName = Release;
		};
/* End XCConfigurationList section */
	};
	rootObject = 07660D881AB9A84700CC33AE /* Project object */;
}
